
Microsoft Visual Studio Solution File, Format Version 12.00
# Visual Studio Version 17
VisualStudioVersion = 17.12.35707.178 d17.12
MinimumVisualStudioVersion = 10.0.40219.1
Project("{FAE04EC0-301F-11D3-BF4B-00C04F79EFBC}") = "CalculatorTest", "CalculatorTest\CalculatorTest.csproj", "{54AED054-7B97-48C0-AD60-D02E2FC87BB8}"
EndProject
Project("{FAE04EC0-301F-11D3-BF4B-00C04F79EFBC}") = "Calculator", "Calculator\Calculator.csproj", "{442578F6-9E13-4FD8-BB7A-FC684EEC0B91}"
EndProject
Global
	GlobalSection(SolutionConfigurationPlatforms) = preSolution
		Debug|Any CPU = Debug|Any CPU
		Release|Any CPU = Release|Any CPU
	EndGlobalSection
	GlobalSection(ProjectConfigurationPlatforms) = postSolution
		{54AED054-7B97-48C0-AD60-D02E2FC87BB8}.Debug|Any CPU.ActiveCfg = Debug|Any CPU
		{54AED054-7B97-48C0-AD60-D02E2FC87BB8}.Debug|Any CPU.Build.0 = Debug|Any CPU
		{54AED054-7B97-48C0-AD60-D02E2FC87BB8}.Release|Any CPU.ActiveCfg = Release|Any CPU
		{54AED054-7B97-48C0-AD60-D02E2FC87BB8}.Release|Any CPU.Build.0 = Release|Any CPU
		{442578F6-9E13-4FD8-BB7A-FC684EEC0B91}.Debug|Any CPU.ActiveCfg = Debug|Any CPU
		{442578F6-9E13-4FD8-BB7A-FC684EEC0B91}.Debug|Any CPU.Build.0 = Debug|Any CPU
		{442578F6-9E13-4FD8-BB7A-FC684EEC0B91}.Release|Any CPU.ActiveCfg = Release|Any CPU
		{442578F6-9E13-4FD8-BB7A-FC684EEC0B91}.Release|Any CPU.Build.0 = Release|Any CPU
	EndGlobalSection
	GlobalSection(SolutionProperties) = preSolution
		HideSolutionNode = FALSE
	EndGlobalSection
EndGlobal
