
Microsoft Visual Studio Solution File, Format Version 12.00
# Visual Studio Version 17
VisualStudioVersion = 17.12.35707.178
MinimumVisualStudioVersion = 10.0.40219.1
Project("{FAE04EC0-301F-11D3-BF4B-00C04F79EFBC}") = "Tester", "Tester\Tester.csproj", "{7D241F56-DD63-4F98-89B9-5D14F259398F}"
EndProject
Project("{FAE04EC0-301F-11D3-BF4B-00C04F79EFBC}") = "Collection", "Collection\Collection.csproj", "{23B75340-5517-4D29-8FE2-AC34FC2DB8D3}"
EndProject
Project("{FAE04EC0-301F-11D3-BF4B-00C04F79EFBC}") = "Generics", "Generics\Generics.csproj", "{515CFF6A-7F61-4B91-9DA5-972CE3A1CC8B}"
EndProject
Project("{FAE04EC0-301F-11D3-BF4B-00C04F79EFBC}") = "LinkedList", "LinkedList\LinkedList.csproj", "{8EF9292E-0740-4F5E-AC0F-33EDFDCD835A}"
EndProject
Project("{FAE04EC0-301F-11D3-BF4B-00C04F79EFBC}") = "HighScore", "HighScore\HighScore.csproj", "{7C7643DC-9A71-4BB3-A0C6-AC9CC04B73F3}"
EndProject
Project("{FAE04EC0-301F-11D3-BF4B-00C04F79EFBC}") = "GenericList", "GenericList\GenericList.csproj", "{2376C588-12DC-4BB3-B308-F8C831CF45AF}"
EndProject
Project("{FAE04EC0-301F-11D3-BF4B-00C04F79EFBC}") = "BeginnerAlgoritm", "BeginnerAlgoritm\BeginnerAlgoritm.csproj", "{E0AD7202-E378-42BA-BC42-C0344BC55E1C}"
EndProject
Global
	GlobalSection(SolutionConfigurationPlatforms) = preSolution
		Debug|Any CPU = Debug|Any CPU
		Release|Any CPU = Release|Any CPU
	EndGlobalSection
	GlobalSection(ProjectConfigurationPlatforms) = postSolution
		{7D241F56-DD63-4F98-89B9-5D14F259398F}.Debug|Any CPU.ActiveCfg = Debug|Any CPU
		{7D241F56-DD63-4F98-89B9-5D14F259398F}.Debug|Any CPU.Build.0 = Debug|Any CPU
		{7D241F56-DD63-4F98-89B9-5D14F259398F}.Release|Any CPU.ActiveCfg = Release|Any CPU
		{7D241F56-DD63-4F98-89B9-5D14F259398F}.Release|Any CPU.Build.0 = Release|Any CPU
		{23B75340-5517-4D29-8FE2-AC34FC2DB8D3}.Debug|Any CPU.ActiveCfg = Debug|Any CPU
		{23B75340-5517-4D29-8FE2-AC34FC2DB8D3}.Debug|Any CPU.Build.0 = Debug|Any CPU
		{23B75340-5517-4D29-8FE2-AC34FC2DB8D3}.Release|Any CPU.ActiveCfg = Release|Any CPU
		{23B75340-5517-4D29-8FE2-AC34FC2DB8D3}.Release|Any CPU.Build.0 = Release|Any CPU
		{515CFF6A-7F61-4B91-9DA5-972CE3A1CC8B}.Debug|Any CPU.ActiveCfg = Debug|Any CPU
		{515CFF6A-7F61-4B91-9DA5-972CE3A1CC8B}.Debug|Any CPU.Build.0 = Debug|Any CPU
		{515CFF6A-7F61-4B91-9DA5-972CE3A1CC8B}.Release|Any CPU.ActiveCfg = Release|Any CPU
		{515CFF6A-7F61-4B91-9DA5-972CE3A1CC8B}.Release|Any CPU.Build.0 = Release|Any CPU
		{8EF9292E-0740-4F5E-AC0F-33EDFDCD835A}.Debug|Any CPU.ActiveCfg = Debug|Any CPU
		{8EF9292E-0740-4F5E-AC0F-33EDFDCD835A}.Debug|Any CPU.Build.0 = Debug|Any CPU
		{8EF9292E-0740-4F5E-AC0F-33EDFDCD835A}.Release|Any CPU.ActiveCfg = Release|Any CPU
		{8EF9292E-0740-4F5E-AC0F-33EDFDCD835A}.Release|Any CPU.Build.0 = Release|Any CPU
		{7C7643DC-9A71-4BB3-A0C6-AC9CC04B73F3}.Debug|Any CPU.ActiveCfg = Debug|Any CPU
		{7C7643DC-9A71-4BB3-A0C6-AC9CC04B73F3}.Debug|Any CPU.Build.0 = Debug|Any CPU
		{7C7643DC-9A71-4BB3-A0C6-AC9CC04B73F3}.Release|Any CPU.ActiveCfg = Release|Any CPU
		{7C7643DC-9A71-4BB3-A0C6-AC9CC04B73F3}.Release|Any CPU.Build.0 = Release|Any CPU
		{2376C588-12DC-4BB3-B308-F8C831CF45AF}.Debug|Any CPU.ActiveCfg = Debug|Any CPU
		{2376C588-12DC-4BB3-B308-F8C831CF45AF}.Debug|Any CPU.Build.0 = Debug|Any CPU
		{2376C588-12DC-4BB3-B308-F8C831CF45AF}.Release|Any CPU.ActiveCfg = Release|Any CPU
		{2376C588-12DC-4BB3-B308-F8C831CF45AF}.Release|Any CPU.Build.0 = Release|Any CPU
		{E0AD7202-E378-42BA-BC42-C0344BC55E1C}.Debug|Any CPU.ActiveCfg = Debug|Any CPU
		{E0AD7202-E378-42BA-BC42-C0344BC55E1C}.Debug|Any CPU.Build.0 = Debug|Any CPU
		{E0AD7202-E378-42BA-BC42-C0344BC55E1C}.Release|Any CPU.ActiveCfg = Release|Any CPU
		{E0AD7202-E378-42BA-BC42-C0344BC55E1C}.Release|Any CPU.Build.0 = Release|Any CPU
	EndGlobalSection
	GlobalSection(SolutionProperties) = preSolution
		HideSolutionNode = FALSE
	EndGlobalSection
EndGlobal
